
Microsoft Visual Studio Solution File, Format Version 12.00
# Visual Studio 2012
Project("{8BC9CEB8-8B4A-11D0-8D11-00A0C91BC942}") = "Car", "Car\Car.vcxproj", "{CFF832B4-B751-426E-ABDD-B9A7E65C981A}"
EndProject
Global
	GlobalSection(SolutionConfigurationPlatforms) = preSolution
		Debug|Win32 = Debug|Win32
		Release|Win32 = Release|Win32
	EndGlobalSection
	GlobalSection(ProjectConfigurationPlatforms) = postSolution
		{CFF832B4-B751-426E-ABDD-B9A7E65C981A}.Debug|Win32.ActiveCfg = Debug|Win32
		{CFF832B4-B751-426E-ABDD-B9A7E65C981A}.Debug|Win32.Build.0 = Debug|Win32
		{CFF832B4-B751-426E-ABDD-B9A7E65C981A}.Release|Win32.ActiveCfg = Release|Win32
		{CFF832B4-B751-426E-ABDD-B9A7E65C981A}.Release|Win32.Build.0 = Release|Win32
	EndGlobalSection
	GlobalSection(SolutionProperties) = preSolution
		HideSolutionNode = FALSE
	EndGlobalSection
EndGlobal
